
Microsoft Visual Studio Solution File, Format Version 12.00
# Visual Studio 15
VisualStudioVersion = 15.0.26430.16
MinimumVisualStudioVersion = 10.0.40219.1
Project("{FAE04EC0-301F-11D3-BF4B-00C04F79EFBC}") = "1", "1\1.csproj", "{155FDCE6-0EA1-47BA-9044-E511C6D20F1A}"
EndProject
Global
	GlobalSection(SolutionConfigurationPlatforms) = preSolution
		Debug|Any CPU = Debug|Any CPU
		Release|Any CPU = Release|Any CPU
	EndGlobalSection
	GlobalSection(ProjectConfigurationPlatforms) = postSolution
		{155FDCE6-0EA1-47BA-9044-E511C6D20F1A}.Debug|Any CPU.ActiveCfg = Debug|Any CPU
		{155FDCE6-0EA1-47BA-9044-E511C6D20F1A}.Debug|Any CPU.Build.0 = Debug|Any CPU
		{155FDCE6-0EA1-47BA-9044-E511C6D20F1A}.Release|Any CPU.ActiveCfg = Release|Any CPU
		{155FDCE6-0EA1-47BA-9044-E511C6D20F1A}.Release|Any CPU.Build.0 = Release|Any CPU
	EndGlobalSection
	GlobalSection(SolutionProperties) = preSolution
		HideSolutionNode = FALSE
	EndGlobalSection
EndGlobal
