
Microsoft Visual Studio Solution File, Format Version 12.00
# Visual Studio 15
VisualStudioVersion = 15.0.26430.16
MinimumVisualStudioVersion = 10.0.40219.1
Project("{FAE04EC0-301F-11D3-BF4B-00C04F79EFBC}") = "Ex1", "Ex1\Ex1.csproj", "{2464DAAA-CC68-4747-A362-C11290898712}"
EndProject
Project("{FAE04EC0-301F-11D3-BF4B-00C04F79EFBC}") = "Ex3", "Ex3\Ex3.csproj", "{66D8A79C-99B9-47BA-806B-B6ACC44CD3C4}"
EndProject
Project("{FAE04EC0-301F-11D3-BF4B-00C04F79EFBC}") = "Ex2", "Ex2\Ex2.csproj", "{95816639-1459-4F39-BBDD-7533426EFC64}"
EndProject
Project("{FAE04EC0-301F-11D3-BF4B-00C04F79EFBC}") = "Ex4", "Ex4\Ex4.csproj", "{3FF8A74C-F447-430C-869B-0A261ED51E3E}"
EndProject
Global
	GlobalSection(SolutionConfigurationPlatforms) = preSolution
		Debug|Any CPU = Debug|Any CPU
		Release|Any CPU = Release|Any CPU
	EndGlobalSection
	GlobalSection(ProjectConfigurationPlatforms) = postSolution
		{2464DAAA-CC68-4747-A362-C11290898712}.Debug|Any CPU.ActiveCfg = Debug|Any CPU
		{2464DAAA-CC68-4747-A362-C11290898712}.Debug|Any CPU.Build.0 = Debug|Any CPU
		{2464DAAA-CC68-4747-A362-C11290898712}.Release|Any CPU.ActiveCfg = Release|Any CPU
		{2464DAAA-CC68-4747-A362-C11290898712}.Release|Any CPU.Build.0 = Release|Any CPU
		{66D8A79C-99B9-47BA-806B-B6ACC44CD3C4}.Debug|Any CPU.ActiveCfg = Debug|Any CPU
		{66D8A79C-99B9-47BA-806B-B6ACC44CD3C4}.Debug|Any CPU.Build.0 = Debug|Any CPU
		{66D8A79C-99B9-47BA-806B-B6ACC44CD3C4}.Release|Any CPU.ActiveCfg = Release|Any CPU
		{66D8A79C-99B9-47BA-806B-B6ACC44CD3C4}.Release|Any CPU.Build.0 = Release|Any CPU
		{95816639-1459-4F39-BBDD-7533426EFC64}.Debug|Any CPU.ActiveCfg = Debug|Any CPU
		{95816639-1459-4F39-BBDD-7533426EFC64}.Debug|Any CPU.Build.0 = Debug|Any CPU
		{95816639-1459-4F39-BBDD-7533426EFC64}.Release|Any CPU.ActiveCfg = Release|Any CPU
		{95816639-1459-4F39-BBDD-7533426EFC64}.Release|Any CPU.Build.0 = Release|Any CPU
		{3FF8A74C-F447-430C-869B-0A261ED51E3E}.Debug|Any CPU.ActiveCfg = Debug|Any CPU
		{3FF8A74C-F447-430C-869B-0A261ED51E3E}.Debug|Any CPU.Build.0 = Debug|Any CPU
		{3FF8A74C-F447-430C-869B-0A261ED51E3E}.Release|Any CPU.ActiveCfg = Release|Any CPU
		{3FF8A74C-F447-430C-869B-0A261ED51E3E}.Release|Any CPU.Build.0 = Release|Any CPU
	EndGlobalSection
	GlobalSection(SolutionProperties) = preSolution
		HideSolutionNode = FALSE
	EndGlobalSection
EndGlobal
